
Microsoft Visual Studio Solution File, Format Version 12.00
Project("{FAE04EC0-301F-11D3-BF4B-00C04F79EFBC}") = "AnyMails.Api", "src\AnyMails.Api\AnyMails.Api.csproj", "{2C59A7D9-2633-40AF-BE65-D9868E0824E7}"
EndProject
Project("{2150E333-8FDC-42A3-9474-1A3956D46DE8}") = "src", "src", "{1A05717B-01E6-43E8-846F-B6925916DFC6}"
EndProject
Project("{2150E333-8FDC-42A3-9474-1A3956D46DE8}") = "tests", "tests", "{E6BE461E-486A-48FC-89A1-DDA867E7C2A1}"
EndProject
Project("{FAE04EC0-301F-11D3-BF4B-00C04F79EFBC}") = "AnyMails.Api.UnitTests", "tests\AnyMails.Api.UnitTests\AnyMails.Api.UnitTests.csproj", "{02B17633-B423-4014-92B8-9AA4BD80DC57}"
EndProject
Project("{FAE04EC0-301F-11D3-BF4B-00C04F79EFBC}") = "AnyMails.Api.IntegrationTests", "tests\AnyMails.Api.IntegrationTests\AnyMails.Api.IntegrationTests.csproj", "{79AC4D1F-6844-4026-8C83-118CFE968562}"
EndProject
Project("{FAE04EC0-301F-11D3-BF4B-00C04F79EFBC}") = "AnyMails.Application", "src\AnyMails.Application\AnyMails.Application.csproj", "{CD4F2B3B-A18B-4758-BD53-59E05447552A}"
EndProject
Project("{FAE04EC0-301F-11D3-BF4B-00C04F79EFBC}") = "AnyMails.Application.UnitTests", "tests\AnyMails.Application.UnitTests\AnyMails.Application.UnitTests.csproj", "{A985400C-BDCC-4CBA-AF06-555FF0F529D4}"
EndProject
Project("{FAE04EC0-301F-11D3-BF4B-00C04F79EFBC}") = "AnyMails.Domain", "src\AnyMails.Domain\AnyMails.Domain.csproj", "{118F6497-9A67-455A-83EB-89FF3D7C7748}"
EndProject
Project("{FAE04EC0-301F-11D3-BF4B-00C04F79EFBC}") = "AnyMails.Domain.UnitTests", "tests\AnyMails.Domain.UnitTests\AnyMails.Domain.UnitTests.csproj", "{A1D966FA-888D-4C9F-AECD-BF572F573FB0}"
EndProject
Project("{FAE04EC0-301F-11D3-BF4B-00C04F79EFBC}") = "AnyMails.Infrastructure", "src\AnyMails.Infrastructure\AnyMails.Infrastructure.csproj", "{250B0CA3-C792-42CC-8830-34D3EB09180C}"
EndProject
Project("{FAE04EC0-301F-11D3-BF4B-00C04F79EFBC}") = "AnyMails.Infrastructure.UnitTests", "tests\AnyMails.Infrastructure.UnitTests\AnyMails.Infrastructure.UnitTests.csproj", "{CDD84AF8-F918-410D-BD1C-BAB25C1F200F}"
EndProject
Global
	GlobalSection(SolutionConfigurationPlatforms) = preSolution
		Debug|Any CPU = Debug|Any CPU
		Release|Any CPU = Release|Any CPU
	EndGlobalSection
	GlobalSection(ProjectConfigurationPlatforms) = postSolution
		{2C59A7D9-2633-40AF-BE65-D9868E0824E7}.Debug|Any CPU.ActiveCfg = Debug|Any CPU
		{2C59A7D9-2633-40AF-BE65-D9868E0824E7}.Debug|Any CPU.Build.0 = Debug|Any CPU
		{2C59A7D9-2633-40AF-BE65-D9868E0824E7}.Release|Any CPU.ActiveCfg = Release|Any CPU
		{2C59A7D9-2633-40AF-BE65-D9868E0824E7}.Release|Any CPU.Build.0 = Release|Any CPU
		{02B17633-B423-4014-92B8-9AA4BD80DC57}.Debug|Any CPU.ActiveCfg = Debug|Any CPU
		{02B17633-B423-4014-92B8-9AA4BD80DC57}.Debug|Any CPU.Build.0 = Debug|Any CPU
		{02B17633-B423-4014-92B8-9AA4BD80DC57}.Release|Any CPU.ActiveCfg = Release|Any CPU
		{02B17633-B423-4014-92B8-9AA4BD80DC57}.Release|Any CPU.Build.0 = Release|Any CPU
		{79AC4D1F-6844-4026-8C83-118CFE968562}.Debug|Any CPU.ActiveCfg = Debug|Any CPU
		{79AC4D1F-6844-4026-8C83-118CFE968562}.Debug|Any CPU.Build.0 = Debug|Any CPU
		{79AC4D1F-6844-4026-8C83-118CFE968562}.Release|Any CPU.ActiveCfg = Release|Any CPU
		{79AC4D1F-6844-4026-8C83-118CFE968562}.Release|Any CPU.Build.0 = Release|Any CPU
		{CD4F2B3B-A18B-4758-BD53-59E05447552A}.Debug|Any CPU.ActiveCfg = Debug|Any CPU
		{CD4F2B3B-A18B-4758-BD53-59E05447552A}.Debug|Any CPU.Build.0 = Debug|Any CPU
		{CD4F2B3B-A18B-4758-BD53-59E05447552A}.Release|Any CPU.ActiveCfg = Release|Any CPU
		{CD4F2B3B-A18B-4758-BD53-59E05447552A}.Release|Any CPU.Build.0 = Release|Any CPU
		{A985400C-BDCC-4CBA-AF06-555FF0F529D4}.Debug|Any CPU.ActiveCfg = Debug|Any CPU
		{A985400C-BDCC-4CBA-AF06-555FF0F529D4}.Debug|Any CPU.Build.0 = Debug|Any CPU
		{A985400C-BDCC-4CBA-AF06-555FF0F529D4}.Release|Any CPU.ActiveCfg = Release|Any CPU
		{A985400C-BDCC-4CBA-AF06-555FF0F529D4}.Release|Any CPU.Build.0 = Release|Any CPU
		{118F6497-9A67-455A-83EB-89FF3D7C7748}.Debug|Any CPU.ActiveCfg = Debug|Any CPU
		{118F6497-9A67-455A-83EB-89FF3D7C7748}.Debug|Any CPU.Build.0 = Debug|Any CPU
		{118F6497-9A67-455A-83EB-89FF3D7C7748}.Release|Any CPU.ActiveCfg = Release|Any CPU
		{118F6497-9A67-455A-83EB-89FF3D7C7748}.Release|Any CPU.Build.0 = Release|Any CPU
		{A1D966FA-888D-4C9F-AECD-BF572F573FB0}.Debug|Any CPU.ActiveCfg = Debug|Any CPU
		{A1D966FA-888D-4C9F-AECD-BF572F573FB0}.Debug|Any CPU.Build.0 = Debug|Any CPU
		{A1D966FA-888D-4C9F-AECD-BF572F573FB0}.Release|Any CPU.ActiveCfg = Release|Any CPU
		{A1D966FA-888D-4C9F-AECD-BF572F573FB0}.Release|Any CPU.Build.0 = Release|Any CPU
		{250B0CA3-C792-42CC-8830-34D3EB09180C}.Debug|Any CPU.ActiveCfg = Debug|Any CPU
		{250B0CA3-C792-42CC-8830-34D3EB09180C}.Debug|Any CPU.Build.0 = Debug|Any CPU
		{250B0CA3-C792-42CC-8830-34D3EB09180C}.Release|Any CPU.ActiveCfg = Release|Any CPU
		{250B0CA3-C792-42CC-8830-34D3EB09180C}.Release|Any CPU.Build.0 = Release|Any CPU
		{CDD84AF8-F918-410D-BD1C-BAB25C1F200F}.Debug|Any CPU.ActiveCfg = Debug|Any CPU
		{CDD84AF8-F918-410D-BD1C-BAB25C1F200F}.Debug|Any CPU.Build.0 = Debug|Any CPU
		{CDD84AF8-F918-410D-BD1C-BAB25C1F200F}.Release|Any CPU.ActiveCfg = Release|Any CPU
		{CDD84AF8-F918-410D-BD1C-BAB25C1F200F}.Release|Any CPU.Build.0 = Release|Any CPU
	EndGlobalSection
	GlobalSection(NestedProjects) = preSolution
		{2C59A7D9-2633-40AF-BE65-D9868E0824E7} = {1A05717B-01E6-43E8-846F-B6925916DFC6}
		{02B17633-B423-4014-92B8-9AA4BD80DC57} = {E6BE461E-486A-48FC-89A1-DDA867E7C2A1}
		{79AC4D1F-6844-4026-8C83-118CFE968562} = {E6BE461E-486A-48FC-89A1-DDA867E7C2A1}
		{CD4F2B3B-A18B-4758-BD53-59E05447552A} = {1A05717B-01E6-43E8-846F-B6925916DFC6}
		{A985400C-BDCC-4CBA-AF06-555FF0F529D4} = {E6BE461E-486A-48FC-89A1-DDA867E7C2A1}
		{118F6497-9A67-455A-83EB-89FF3D7C7748} = {1A05717B-01E6-43E8-846F-B6925916DFC6}
		{A1D966FA-888D-4C9F-AECD-BF572F573FB0} = {E6BE461E-486A-48FC-89A1-DDA867E7C2A1}
		{250B0CA3-C792-42CC-8830-34D3EB09180C} = {1A05717B-01E6-43E8-846F-B6925916DFC6}
		{CDD84AF8-F918-410D-BD1C-BAB25C1F200F} = {E6BE461E-486A-48FC-89A1-DDA867E7C2A1}
	EndGlobalSection
EndGlobal
